// !$*UTF8*$!
{
	archiveVersion = 1;
	classes = {
	};
	objectVersion = 46;
	objects = {

/* Begin PBXBuildFile section */
		070133991F239F0900C0DBEE /* SFGame.m in Sources */ = {isa = PBXBuildFile; fileRef = 070133981F239F0900C0DBEE /* SFGame.m */; };
		0701339C1F23A00100C0DBEE /* SFGameRound.m in Sources */ = {isa = PBXBuildFile; fileRef = 0701339B1F23A00100C0DBEE /* SFGameRound.m */; };
		0701339F1F25310400C0DBEE /* SFGameStorage.m in Sources */ = {isa = PBXBuildFile; fileRef = 0701339E1F25310400C0DBEE /* SFGameStorage.m */; };
		070133A21F254EED00C0DBEE /* SFGameListViewController.m in Sources */ = {isa = PBXBuildFile; fileRef = 070133A11F254EED00C0DBEE /* SFGameListViewController.m */; };
		070133A51F25798500C0DBEE /* SFNewGameViewController.m in Sources */ = {isa = PBXBuildFile; fileRef = 070133A41F25798500C0DBEE /* SFNewGameViewController.m */; };
		070133A71F25799800C0DBEE /* NewGame.storyboard in Resources */ = {isa = PBXBuildFile; fileRef = 070133A61F25799800C0DBEE /* NewGame.storyboard */; };
		070133AA1F257D1A00C0DBEE /* SFTextFieldTableViewCell.m in Sources */ = {isa = PBXBuildFile; fileRef = 070133A91F257D1A00C0DBEE /* SFTextFieldTableViewCell.m */; };
		070133AD1F25987000C0DBEE /* SFButtonTableViewCell.m in Sources */ = {isa = PBXBuildFile; fileRef = 070133AC1F25987000C0DBEE /* SFButtonTableViewCell.m */; };
		070133B01F25D01400C0DBEE /* SFGame+ScoreFive.m in Sources */ = {isa = PBXBuildFile; fileRef = 070133AF1F25D01400C0DBEE /* SFGame+ScoreFive.m */; };
		070133B31F25D2CD00C0DBEE /* SFAllGamesListViewController.m in Sources */ = {isa = PBXBuildFile; fileRef = 070133B21F25D2CD00C0DBEE /* SFAllGamesListViewController.m */; };
		070133B61F2651E600C0DBEE /* SFColumnLabelView.m in Sources */ = {isa = PBXBuildFile; fileRef = 070133B51F2651E600C0DBEE /* SFColumnLabelView.m */; };
		070133B91F267BA400C0DBEE /* SFScoreCardViewController.m in Sources */ = {isa = PBXBuildFile; fileRef = 070133B81F267BA400C0DBEE /* SFScoreCardViewController.m */; };
		070133BC1F26897700C0DBEE /* SFIndexedColumnLabelView.m in Sources */ = {isa = PBXBuildFile; fileRef = 070133BB1F26897700C0DBEE /* SFIndexedColumnLabelView.m */; };
		070133BF1F26934B00C0DBEE /* SFIndexedColumnLabelTableViewCell.m in Sources */ = {isa = PBXBuildFile; fileRef = 070133BE1F26934B00C0DBEE /* SFIndexedColumnLabelTableViewCell.m */; };
		070133C11F27DA4000C0DBEE /* AddRound.storyboard in Resources */ = {isa = PBXBuildFile; fileRef = 070133C01F27DA4000C0DBEE /* AddRound.storyboard */; };
		070133C41F27DAF900C0DBEE /* SFNewRoundViewController.m in Sources */ = {isa = PBXBuildFile; fileRef = 070133C31F27DAF900C0DBEE /* SFNewRoundViewController.m */; };
		070133C61F293B4C00C0DBEE /* PermanentMarker.ttf in Resources */ = {isa = PBXBuildFile; fileRef = 070133C51F293B4C00C0DBEE /* PermanentMarker.ttf */; };
		070B2B8D1F2A651000592458 /* SFIndexedButtonTableViewCell.m in Sources */ = {isa = PBXBuildFile; fileRef = 070B2B8C1F2A651000592458 /* SFIndexedButtonTableViewCell.m */; };
		072B95E91F21387500E4D1FB /* UINavigationController+ScoreFive.m in Sources */ = {isa = PBXBuildFile; fileRef = 072B95E81F21387500E4D1FB /* UINavigationController+ScoreFive.m */; };
		072B95EC1F213AE000E4D1FB /* UINavigationBar+ScoreFive.m in Sources */ = {isa = PBXBuildFile; fileRef = 072B95EB1F213AE000E4D1FB /* UINavigationBar+ScoreFive.m */; };
		073F8AA71F2016FB0086C7DF /* sf_log.c in Sources */ = {isa = PBXBuildFile; fileRef = 073F8AA51F2016FB0086C7DF /* sf_log.c */; };
		073F8AAA1F2018DA0086C7DF /* SFFormatters.m in Sources */ = {isa = PBXBuildFile; fileRef = 073F8AA91F2018DA0086C7DF /* SFFormatters.m */; };
		07411EF41F2BA9DA0020FA7A /* Settings.storyboard in Resources */ = {isa = PBXBuildFile; fileRef = 07411EF31F2BA9DA0020FA7A /* Settings.storyboard */; };
		0759E8501F2942E300AF8B0F /* UIColor+SFScoreFiveColors.m in Sources */ = {isa = PBXBuildFile; fileRef = 0759E84F1F2942E300AF8B0F /* UIColor+SFScoreFiveColors.m */; };
		07783BBB1F22920400E2D26B /* UIView+ScoreFive.m in Sources */ = {isa = PBXBuildFile; fileRef = 07783BBA1F22920400E2D26B /* UIView+ScoreFive.m */; };
		07783BBE1F22938400E2D26B /* UILabel+ScoreFive.m in Sources */ = {isa = PBXBuildFile; fileRef = 07783BBD1F22938400E2D26B /* UILabel+ScoreFive.m */; };
		07783BC01F229BD300E2D26B /* QuartzCore.framework in Frameworks */ = {isa = PBXBuildFile; fileRef = 07783BBF1F229BD300E2D26B /* QuartzCore.framework */; };
		07783BD61F22CB3700E2D26B /* SFAppSettings.m in Sources */ = {isa = PBXBuildFile; fileRef = 07783BD51F22CB3700E2D26B /* SFAppSettings.m */; };
		0793EF501F1FA42B00FF2D08 /* main.m in Sources */ = {isa = PBXBuildFile; fileRef = 0793EF4F1F1FA42B00FF2D08 /* main.m */; };
		0793EF531F1FA42B00FF2D08 /* SFAppDelegate.m in Sources */ = {isa = PBXBuildFile; fileRef = 0793EF521F1FA42B00FF2D08 /* SFAppDelegate.m */; };
		0793EF591F1FA42B00FF2D08 /* Main.storyboard in Resources */ = {isa = PBXBuildFile; fileRef = 0793EF571F1FA42B00FF2D08 /* Main.storyboard */; };
		0793EF5C1F1FA42B00FF2D08 /* ScoreFive.xcdatamodeld in Sources */ = {isa = PBXBuildFile; fileRef = 0793EF5A1F1FA42B00FF2D08 /* ScoreFive.xcdatamodeld */; };
		0793EF5E1F1FA42B00FF2D08 /* Assets.xcassets in Resources */ = {isa = PBXBuildFile; fileRef = 0793EF5D1F1FA42B00FF2D08 /* Assets.xcassets */; };
		0793EF611F1FA42B00FF2D08 /* LaunchScreen.storyboard in Resources */ = {isa = PBXBuildFile; fileRef = 0793EF5F1F1FA42B00FF2D08 /* LaunchScreen.storyboard */; };
		0793EF6C1F1FA42B00FF2D08 /* ScoreFiveTests.m in Sources */ = {isa = PBXBuildFile; fileRef = 0793EF6B1F1FA42B00FF2D08 /* ScoreFiveTests.m */; };
		0793EF771F1FA42B00FF2D08 /* ScoreFiveUITests.m in Sources */ = {isa = PBXBuildFile; fileRef = 0793EF761F1FA42B00FF2D08 /* ScoreFiveUITests.m */; };
		079B95EA1F214B3E00A5FFE1 /* UIResponder+ScoreFive.m in Sources */ = {isa = PBXBuildFile; fileRef = 079B95E91F214B3E00A5FFE1 /* UIResponder+ScoreFive.m */; };
		079B95FC1F218C3C00A5FFE1 /* Foundation.framework in Frameworks */ = {isa = PBXBuildFile; fileRef = 079B95FB1F218C3C00A5FFE1 /* Foundation.framework */; };
		079B95FE1F218C4000A5FFE1 /* UIKit.framework in Frameworks */ = {isa = PBXBuildFile; fileRef = 079B95FD1F218C4000A5FFE1 /* UIKit.framework */; };
/* End PBXBuildFile section */

/* Begin PBXContainerItemProxy section */
		0793EF681F1FA42B00FF2D08 /* PBXContainerItemProxy */ = {
			isa = PBXContainerItemProxy;
			containerPortal = 0793EF431F1FA42B00FF2D08 /* Project object */;
			proxyType = 1;
			remoteGlobalIDString = 0793EF4A1F1FA42B00FF2D08;
			remoteInfo = ScoreFive;
		};
		0793EF731F1FA42B00FF2D08 /* PBXContainerItemProxy */ = {
			isa = PBXContainerItemProxy;
			containerPortal = 0793EF431F1FA42B00FF2D08 /* Project object */;
			proxyType = 1;
			remoteGlobalIDString = 0793EF4A1F1FA42B00FF2D08;
			remoteInfo = ScoreFive;
		};
/* End PBXContainerItemProxy section */

/* Begin PBXFileReference section */
		070133971F239F0900C0DBEE /* SFGame.h */ = {isa = PBXFileReference; fileEncoding = 4; lastKnownFileType = sourcecode.c.h; path = SFGame.h; sourceTree = "<group>"; };
		070133981F239F0900C0DBEE /* SFGame.m */ = {isa = PBXFileReference; fileEncoding = 4; lastKnownFileType = sourcecode.c.objc; path = SFGame.m; sourceTree = "<group>"; };
		0701339A1F23A00100C0DBEE /* SFGameRound.h */ = {isa = PBXFileReference; fileEncoding = 4; lastKnownFileType = sourcecode.c.h; path = SFGameRound.h; sourceTree = "<group>"; };
		0701339B1F23A00100C0DBEE /* SFGameRound.m */ = {isa = PBXFileReference; fileEncoding = 4; lastKnownFileType = sourcecode.c.objc; path = SFGameRound.m; sourceTree = "<group>"; };
		0701339D1F25310400C0DBEE /* SFGameStorage.h */ = {isa = PBXFileReference; fileEncoding = 4; lastKnownFileType = sourcecode.c.h; path = SFGameStorage.h; sourceTree = "<group>"; };
		0701339E1F25310400C0DBEE /* SFGameStorage.m */ = {isa = PBXFileReference; fileEncoding = 4; lastKnownFileType = sourcecode.c.objc; path = SFGameStorage.m; sourceTree = "<group>"; };
		070133A01F254EED00C0DBEE /* SFGameListViewController.h */ = {isa = PBXFileReference; fileEncoding = 4; lastKnownFileType = sourcecode.c.h; path = SFGameListViewController.h; sourceTree = "<group>"; };
		070133A11F254EED00C0DBEE /* SFGameListViewController.m */ = {isa = PBXFileReference; fileEncoding = 4; lastKnownFileType = sourcecode.c.objc; path = SFGameListViewController.m; sourceTree = "<group>"; };
		070133A31F25798500C0DBEE /* SFNewGameViewController.h */ = {isa = PBXFileReference; fileEncoding = 4; lastKnownFileType = sourcecode.c.h; path = SFNewGameViewController.h; sourceTree = "<group>"; };
		070133A41F25798500C0DBEE /* SFNewGameViewController.m */ = {isa = PBXFileReference; fileEncoding = 4; lastKnownFileType = sourcecode.c.objc; path = SFNewGameViewController.m; sourceTree = "<group>"; };
		070133A61F25799800C0DBEE /* NewGame.storyboard */ = {isa = PBXFileReference; fileEncoding = 4; lastKnownFileType = file.storyboard; path = NewGame.storyboard; sourceTree = "<group>"; };
		070133A81F257D1A00C0DBEE /* SFTextFieldTableViewCell.h */ = {isa = PBXFileReference; fileEncoding = 4; lastKnownFileType = sourcecode.c.h; path = SFTextFieldTableViewCell.h; sourceTree = "<group>"; };
		070133A91F257D1A00C0DBEE /* SFTextFieldTableViewCell.m */ = {isa = PBXFileReference; fileEncoding = 4; lastKnownFileType = sourcecode.c.objc; path = SFTextFieldTableViewCell.m; sourceTree = "<group>"; };
		070133AB1F25987000C0DBEE /* SFButtonTableViewCell.h */ = {isa = PBXFileReference; fileEncoding = 4; lastKnownFileType = sourcecode.c.h; path = SFButtonTableViewCell.h; sourceTree = "<group>"; };
		070133AC1F25987000C0DBEE /* SFButtonTableViewCell.m */ = {isa = PBXFileReference; fileEncoding = 4; lastKnownFileType = sourcecode.c.objc; path = SFButtonTableViewCell.m; sourceTree = "<group>"; };
		070133AE1F25D01400C0DBEE /* SFGame+ScoreFive.h */ = {isa = PBXFileReference; fileEncoding = 4; lastKnownFileType = sourcecode.c.h; path = "SFGame+ScoreFive.h"; sourceTree = "<group>"; };
		070133AF1F25D01400C0DBEE /* SFGame+ScoreFive.m */ = {isa = PBXFileReference; fileEncoding = 4; lastKnownFileType = sourcecode.c.objc; path = "SFGame+ScoreFive.m"; sourceTree = "<group>"; };
		070133B11F25D2CD00C0DBEE /* SFAllGamesListViewController.h */ = {isa = PBXFileReference; fileEncoding = 4; lastKnownFileType = sourcecode.c.h; path = SFAllGamesListViewController.h; sourceTree = "<group>"; };
		070133B21F25D2CD00C0DBEE /* SFAllGamesListViewController.m */ = {isa = PBXFileReference; fileEncoding = 4; lastKnownFileType = sourcecode.c.objc; path = SFAllGamesListViewController.m; sourceTree = "<group>"; };
		070133B41F2651E600C0DBEE /* SFColumnLabelView.h */ = {isa = PBXFileReference; fileEncoding = 4; lastKnownFileType = sourcecode.c.h; path = SFColumnLabelView.h; sourceTree = "<group>"; };
		070133B51F2651E600C0DBEE /* SFColumnLabelView.m */ = {isa = PBXFileReference; fileEncoding = 4; lastKnownFileType = sourcecode.c.objc; path = SFColumnLabelView.m; sourceTree = "<group>"; };
		070133B71F267BA400C0DBEE /* SFScoreCardViewController.h */ = {isa = PBXFileReference; fileEncoding = 4; lastKnownFileType = sourcecode.c.h; path = SFScoreCardViewController.h; sourceTree = "<group>"; };
		070133B81F267BA400C0DBEE /* SFScoreCardViewController.m */ = {isa = PBXFileReference; fileEncoding = 4; lastKnownFileType = sourcecode.c.objc; path = SFScoreCardViewController.m; sourceTree = "<group>"; };
		070133BA1F26897600C0DBEE /* SFIndexedColumnLabelView.h */ = {isa = PBXFileReference; fileEncoding = 4; lastKnownFileType = sourcecode.c.h; path = SFIndexedColumnLabelView.h; sourceTree = "<group>"; };
		070133BB1F26897700C0DBEE /* SFIndexedColumnLabelView.m */ = {isa = PBXFileReference; fileEncoding = 4; lastKnownFileType = sourcecode.c.objc; path = SFIndexedColumnLabelView.m; sourceTree = "<group>"; };
		070133BD1F26934B00C0DBEE /* SFIndexedColumnLabelTableViewCell.h */ = {isa = PBXFileReference; fileEncoding = 4; lastKnownFileType = sourcecode.c.h; path = SFIndexedColumnLabelTableViewCell.h; sourceTree = "<group>"; };
		070133BE1F26934B00C0DBEE /* SFIndexedColumnLabelTableViewCell.m */ = {isa = PBXFileReference; fileEncoding = 4; lastKnownFileType = sourcecode.c.objc; path = SFIndexedColumnLabelTableViewCell.m; sourceTree = "<group>"; };
		070133C01F27DA4000C0DBEE /* AddRound.storyboard */ = {isa = PBXFileReference; fileEncoding = 4; lastKnownFileType = file.storyboard; path = AddRound.storyboard; sourceTree = "<group>"; };
		070133C21F27DAF900C0DBEE /* SFNewRoundViewController.h */ = {isa = PBXFileReference; fileEncoding = 4; lastKnownFileType = sourcecode.c.h; path = SFNewRoundViewController.h; sourceTree = "<group>"; };
		070133C31F27DAF900C0DBEE /* SFNewRoundViewController.m */ = {isa = PBXFileReference; fileEncoding = 4; lastKnownFileType = sourcecode.c.objc; path = SFNewRoundViewController.m; sourceTree = "<group>"; };
		070133C51F293B4C00C0DBEE /* PermanentMarker.ttf */ = {isa = PBXFileReference; lastKnownFileType = file; path = PermanentMarker.ttf; sourceTree = "<group>"; };
		070B2B8B1F2A651000592458 /* SFIndexedButtonTableViewCell.h */ = {isa = PBXFileReference; fileEncoding = 4; lastKnownFileType = sourcecode.c.h; path = SFIndexedButtonTableViewCell.h; sourceTree = "<group>"; };
		070B2B8C1F2A651000592458 /* SFIndexedButtonTableViewCell.m */ = {isa = PBXFileReference; fileEncoding = 4; lastKnownFileType = sourcecode.c.objc; path = SFIndexedButtonTableViewCell.m; sourceTree = "<group>"; };
		072B95E71F21387500E4D1FB /* UINavigationController+ScoreFive.h */ = {isa = PBXFileReference; fileEncoding = 4; lastKnownFileType = sourcecode.c.h; path = "UINavigationController+ScoreFive.h"; sourceTree = "<group>"; };
		072B95E81F21387500E4D1FB /* UINavigationController+ScoreFive.m */ = {isa = PBXFileReference; fileEncoding = 4; lastKnownFileType = sourcecode.c.objc; path = "UINavigationController+ScoreFive.m"; sourceTree = "<group>"; };
		072B95EA1F213AE000E4D1FB /* UINavigationBar+ScoreFive.h */ = {isa = PBXFileReference; fileEncoding = 4; lastKnownFileType = sourcecode.c.h; path = "UINavigationBar+ScoreFive.h"; sourceTree = "<group>"; };
		072B95EB1F213AE000E4D1FB /* UINavigationBar+ScoreFive.m */ = {isa = PBXFileReference; fileEncoding = 4; lastKnownFileType = sourcecode.c.objc; path = "UINavigationBar+ScoreFive.m"; sourceTree = "<group>"; };
		073F8AA51F2016FB0086C7DF /* sf_log.c */ = {isa = PBXFileReference; fileEncoding = 4; lastKnownFileType = sourcecode.c.c; path = sf_log.c; sourceTree = "<group>"; };
		073F8AA61F2016FB0086C7DF /* sf_log.h */ = {isa = PBXFileReference; fileEncoding = 4; lastKnownFileType = sourcecode.c.h; path = sf_log.h; sourceTree = "<group>"; };
		073F8AA81F2018DA0086C7DF /* SFFormatters.h */ = {isa = PBXFileReference; fileEncoding = 4; lastKnownFileType = sourcecode.c.h; path = SFFormatters.h; sourceTree = "<group>"; };
		073F8AA91F2018DA0086C7DF /* SFFormatters.m */ = {isa = PBXFileReference; fileEncoding = 4; lastKnownFileType = sourcecode.c.objc; path = SFFormatters.m; sourceTree = "<group>"; };
		07411EF31F2BA9DA0020FA7A /* Settings.storyboard */ = {isa = PBXFileReference; fileEncoding = 4; lastKnownFileType = file.storyboard; path = Settings.storyboard; sourceTree = "<group>"; };
		0759E84E1F2942E300AF8B0F /* UIColor+SFScoreFiveColors.h */ = {isa = PBXFileReference; fileEncoding = 4; lastKnownFileType = sourcecode.c.h; path = "UIColor+SFScoreFiveColors.h"; sourceTree = "<group>"; };
		0759E84F1F2942E300AF8B0F /* UIColor+SFScoreFiveColors.m */ = {isa = PBXFileReference; fileEncoding = 4; lastKnownFileType = sourcecode.c.objc; path = "UIColor+SFScoreFiveColors.m"; sourceTree = "<group>"; };
		07783BB91F22920400E2D26B /* UIView+ScoreFive.h */ = {isa = PBXFileReference; fileEncoding = 4; lastKnownFileType = sourcecode.c.h; path = "UIView+ScoreFive.h"; sourceTree = "<group>"; };
		07783BBA1F22920400E2D26B /* UIView+ScoreFive.m */ = {isa = PBXFileReference; fileEncoding = 4; lastKnownFileType = sourcecode.c.objc; path = "UIView+ScoreFive.m"; sourceTree = "<group>"; };
		07783BBC1F22938400E2D26B /* UILabel+ScoreFive.h */ = {isa = PBXFileReference; fileEncoding = 4; lastKnownFileType = sourcecode.c.h; path = "UILabel+ScoreFive.h"; sourceTree = "<group>"; };
		07783BBD1F22938400E2D26B /* UILabel+ScoreFive.m */ = {isa = PBXFileReference; fileEncoding = 4; lastKnownFileType = sourcecode.c.objc; path = "UILabel+ScoreFive.m"; sourceTree = "<group>"; };
		07783BBF1F229BD300E2D26B /* QuartzCore.framework */ = {isa = PBXFileReference; lastKnownFileType = wrapper.framework; name = QuartzCore.framework; path = System/Library/Frameworks/QuartzCore.framework; sourceTree = SDKROOT; };
		07783BD01F22C49C00E2D26B /* ScoreFive-Prefix.pch */ = {isa = PBXFileReference; fileEncoding = 4; lastKnownFileType = sourcecode.c.h; path = "ScoreFive-Prefix.pch"; sourceTree = "<group>"; };
		07783BD41F22CB3700E2D26B /* SFAppSettings.h */ = {isa = PBXFileReference; fileEncoding = 4; lastKnownFileType = sourcecode.c.h; path = SFAppSettings.h; sourceTree = "<group>"; };
		07783BD51F22CB3700E2D26B /* SFAppSettings.m */ = {isa = PBXFileReference; fileEncoding = 4; lastKnownFileType = sourcecode.c.objc; path = SFAppSettings.m; sourceTree = "<group>"; };
		0793EF4B1F1FA42B00FF2D08 /* ScoreFive.app */ = {isa = PBXFileReference; explicitFileType = wrapper.application; includeInIndex = 0; path = ScoreFive.app; sourceTree = BUILT_PRODUCTS_DIR; };
		0793EF4F1F1FA42B00FF2D08 /* main.m */ = {isa = PBXFileReference; lastKnownFileType = sourcecode.c.objc; path = main.m; sourceTree = "<group>"; };
		0793EF511F1FA42B00FF2D08 /* SFAppDelegate.h */ = {isa = PBXFileReference; lastKnownFileType = sourcecode.c.h; path = SFAppDelegate.h; sourceTree = "<group>"; };
		0793EF521F1FA42B00FF2D08 /* SFAppDelegate.m */ = {isa = PBXFileReference; lastKnownFileType = sourcecode.c.objc; path = SFAppDelegate.m; sourceTree = "<group>"; };
		0793EF581F1FA42B00FF2D08 /* Base */ = {isa = PBXFileReference; lastKnownFileType = file.storyboard; name = Base; path = Base.lproj/Main.storyboard; sourceTree = "<group>"; };
		0793EF5B1F1FA42B00FF2D08 /* ScoreFive.xcdatamodel */ = {isa = PBXFileReference; lastKnownFileType = wrapper.xcdatamodel; path = ScoreFive.xcdatamodel; sourceTree = "<group>"; };
		0793EF5D1F1FA42B00FF2D08 /* Assets.xcassets */ = {isa = PBXFileReference; lastKnownFileType = folder.assetcatalog; path = Assets.xcassets; sourceTree = "<group>"; };
		0793EF601F1FA42B00FF2D08 /* Base */ = {isa = PBXFileReference; lastKnownFileType = file.storyboard; name = Base; path = Base.lproj/LaunchScreen.storyboard; sourceTree = "<group>"; };
		0793EF621F1FA42B00FF2D08 /* Info.plist */ = {isa = PBXFileReference; lastKnownFileType = text.plist.xml; path = Info.plist; sourceTree = "<group>"; };
		0793EF671F1FA42B00FF2D08 /* ScoreFiveTests.xctest */ = {isa = PBXFileReference; explicitFileType = wrapper.cfbundle; includeInIndex = 0; path = ScoreFiveTests.xctest; sourceTree = BUILT_PRODUCTS_DIR; };
		0793EF6B1F1FA42B00FF2D08 /* ScoreFiveTests.m */ = {isa = PBXFileReference; lastKnownFileType = sourcecode.c.objc; path = ScoreFiveTests.m; sourceTree = "<group>"; };
		0793EF6D1F1FA42B00FF2D08 /* Info.plist */ = {isa = PBXFileReference; lastKnownFileType = text.plist.xml; path = Info.plist; sourceTree = "<group>"; };
		0793EF721F1FA42B00FF2D08 /* ScoreFiveUITests.xctest */ = {isa = PBXFileReference; explicitFileType = wrapper.cfbundle; includeInIndex = 0; path = ScoreFiveUITests.xctest; sourceTree = BUILT_PRODUCTS_DIR; };
		0793EF761F1FA42B00FF2D08 /* ScoreFiveUITests.m */ = {isa = PBXFileReference; lastKnownFileType = sourcecode.c.objc; path = ScoreFiveUITests.m; sourceTree = "<group>"; };
		0793EF781F1FA42B00FF2D08 /* Info.plist */ = {isa = PBXFileReference; lastKnownFileType = text.plist.xml; path = Info.plist; sourceTree = "<group>"; };
		079B95E81F214B3E00A5FFE1 /* UIResponder+ScoreFive.h */ = {isa = PBXFileReference; fileEncoding = 4; lastKnownFileType = sourcecode.c.h; path = "UIResponder+ScoreFive.h"; sourceTree = "<group>"; };
		079B95E91F214B3E00A5FFE1 /* UIResponder+ScoreFive.m */ = {isa = PBXFileReference; fileEncoding = 4; lastKnownFileType = sourcecode.c.objc; path = "UIResponder+ScoreFive.m"; sourceTree = "<group>"; };
		079B95FB1F218C3C00A5FFE1 /* Foundation.framework */ = {isa = PBXFileReference; lastKnownFileType = wrapper.framework; name = Foundation.framework; path = System/Library/Frameworks/Foundation.framework; sourceTree = SDKROOT; };
		079B95FD1F218C4000A5FFE1 /* UIKit.framework */ = {isa = PBXFileReference; lastKnownFileType = wrapper.framework; name = UIKit.framework; path = System/Library/Frameworks/UIKit.framework; sourceTree = SDKROOT; };
/* End PBXFileReference section */

/* Begin PBXFrameworksBuildPhase section */
		0793EF481F1FA42B00FF2D08 /* Frameworks */ = {
			isa = PBXFrameworksBuildPhase;
			buildActionMask = 2147483647;
			files = (
				07783BC01F229BD300E2D26B /* QuartzCore.framework in Frameworks */,
				079B95FE1F218C4000A5FFE1 /* UIKit.framework in Frameworks */,
				079B95FC1F218C3C00A5FFE1 /* Foundation.framework in Frameworks */,
			);
			runOnlyForDeploymentPostprocessing = 0;
		};
		0793EF641F1FA42B00FF2D08 /* Frameworks */ = {
			isa = PBXFrameworksBuildPhase;
			buildActionMask = 2147483647;
			files = (
			);
			runOnlyForDeploymentPostprocessing = 0;
		};
		0793EF6F1F1FA42B00FF2D08 /* Frameworks */ = {
			isa = PBXFrameworksBuildPhase;
			buildActionMask = 2147483647;
			files = (
			);
			runOnlyForDeploymentPostprocessing = 0;
		};
/* End PBXFrameworksBuildPhase section */

/* Begin PBXGroup section */
		07783BB81F228BD400E2D26B /* Fonts */ = {
			isa = PBXGroup;
			children = (
				070133C51F293B4C00C0DBEE /* PermanentMarker.ttf */,
			);
			name = Fonts;
			sourceTree = "<group>";
		};
		0793EF421F1FA42B00FF2D08 = {
			isa = PBXGroup;
			children = (
				0793EF4D1F1FA42B00FF2D08 /* ScoreFive */,
				0793EF6A1F1FA42B00FF2D08 /* ScoreFiveTests */,
				0793EF751F1FA42B00FF2D08 /* ScoreFiveUITests */,
				0793EF4C1F1FA42B00FF2D08 /* Products */,
				079B95FA1F218C3C00A5FFE1 /* Frameworks */,
			);
			sourceTree = "<group>";
		};
		0793EF4C1F1FA42B00FF2D08 /* Products */ = {
			isa = PBXGroup;
			children = (
				0793EF4B1F1FA42B00FF2D08 /* ScoreFive.app */,
				0793EF671F1FA42B00FF2D08 /* ScoreFiveTests.xctest */,
				0793EF721F1FA42B00FF2D08 /* ScoreFiveUITests.xctest */,
			);
			name = Products;
			sourceTree = "<group>";
		};
		0793EF4D1F1FA42B00FF2D08 /* ScoreFive */ = {
			isa = PBXGroup;
			children = (
				079B95F41F216C5A00A5FFE1 /* Data Models */,
				079B95EB1F216BBC00A5FFE1 /* Src */,
				0793EF4E1F1FA42B00FF2D08 /* Supporting Files */,
				079B95F11F216C3400A5FFE1 /* UI */,
			);
			path = ScoreFive;
			sourceTree = "<group>";
		};
		0793EF4E1F1FA42B00FF2D08 /* Supporting Files */ = {
			isa = PBXGroup;
			children = (
				0793EF621F1FA42B00FF2D08 /* Info.plist */,
			);
			name = "Supporting Files";
			sourceTree = "<group>";
		};
		0793EF6A1F1FA42B00FF2D08 /* ScoreFiveTests */ = {
			isa = PBXGroup;
			children = (
				079B95F61F216CC000A5FFE1 /* Supporting Files */,
				079B95F51F216CBC00A5FFE1 /* Src */,
			);
			path = ScoreFiveTests;
			sourceTree = "<group>";
		};
		0793EF751F1FA42B00FF2D08 /* ScoreFiveUITests */ = {
			isa = PBXGroup;
			children = (
				079B95F71F216CC900A5FFE1 /* Supporting Files */,
				079B95F81F216CD000A5FFE1 /* Src */,
			);
			path = ScoreFiveUITests;
			sourceTree = "<group>";
		};
		079B95EB1F216BBC00A5FFE1 /* Src */ = {
			isa = PBXGroup;
			children = (
				079B95EE1F216BE000A5FFE1 /* Views */,
				079B95EC1F216BC100A5FFE1 /* View Controllers */,
				079B95ED1F216BC900A5FFE1 /* Categories */,
				079B95EF1F216BF500A5FFE1 /* Core */,
				079B95F01F216BFD00A5FFE1 /* Other */,
			);
			name = Src;
			sourceTree = "<group>";
		};
		079B95EC1F216BC100A5FFE1 /* View Controllers */ = {
			isa = PBXGroup;
			children = (
				070133A01F254EED00C0DBEE /* SFGameListViewController.h */,
				070133A11F254EED00C0DBEE /* SFGameListViewController.m */,
				070133A31F25798500C0DBEE /* SFNewGameViewController.h */,
				070133A41F25798500C0DBEE /* SFNewGameViewController.m */,
				070133B11F25D2CD00C0DBEE /* SFAllGamesListViewController.h */,
				070133B21F25D2CD00C0DBEE /* SFAllGamesListViewController.m */,
				070133B71F267BA400C0DBEE /* SFScoreCardViewController.h */,
				070133B81F267BA400C0DBEE /* SFScoreCardViewController.m */,
				070133C21F27DAF900C0DBEE /* SFNewRoundViewController.h */,
				070133C31F27DAF900C0DBEE /* SFNewRoundViewController.m */,
			);
			name = "View Controllers";
			sourceTree = "<group>";
		};
		079B95ED1F216BC900A5FFE1 /* Categories */ = {
			isa = PBXGroup;
			children = (
				0759E84E1F2942E300AF8B0F /* UIColor+SFScoreFiveColors.h */,
				0759E84F1F2942E300AF8B0F /* UIColor+SFScoreFiveColors.m */,
				072B95E71F21387500E4D1FB /* UINavigationController+ScoreFive.h */,
				072B95E81F21387500E4D1FB /* UINavigationController+ScoreFive.m */,
				072B95EA1F213AE000E4D1FB /* UINavigationBar+ScoreFive.h */,
				072B95EB1F213AE000E4D1FB /* UINavigationBar+ScoreFive.m */,
				079B95E81F214B3E00A5FFE1 /* UIResponder+ScoreFive.h */,
				079B95E91F214B3E00A5FFE1 /* UIResponder+ScoreFive.m */,
				07783BB91F22920400E2D26B /* UIView+ScoreFive.h */,
				07783BBA1F22920400E2D26B /* UIView+ScoreFive.m */,
				07783BBC1F22938400E2D26B /* UILabel+ScoreFive.h */,
				07783BBD1F22938400E2D26B /* UILabel+ScoreFive.m */,
				070133AE1F25D01400C0DBEE /* SFGame+ScoreFive.h */,
				070133AF1F25D01400C0DBEE /* SFGame+ScoreFive.m */,
			);
			name = Categories;
			sourceTree = "<group>";
		};
		079B95EE1F216BE000A5FFE1 /* Views */ = {
			isa = PBXGroup;
			children = (
				070133A81F257D1A00C0DBEE /* SFTextFieldTableViewCell.h */,
				070133A91F257D1A00C0DBEE /* SFTextFieldTableViewCell.m */,
				070133AB1F25987000C0DBEE /* SFButtonTableViewCell.h */,
				070133AC1F25987000C0DBEE /* SFButtonTableViewCell.m */,
				070133B41F2651E600C0DBEE /* SFColumnLabelView.h */,
				070133B51F2651E600C0DBEE /* SFColumnLabelView.m */,
				070133BA1F26897600C0DBEE /* SFIndexedColumnLabelView.h */,
				070133BB1F26897700C0DBEE /* SFIndexedColumnLabelView.m */,
				070133BD1F26934B00C0DBEE /* SFIndexedColumnLabelTableViewCell.h */,
				070133BE1F26934B00C0DBEE /* SFIndexedColumnLabelTableViewCell.m */,
				070B2B8B1F2A651000592458 /* SFIndexedButtonTableViewCell.h */,
				070B2B8C1F2A651000592458 /* SFIndexedButtonTableViewCell.m */,
			);
			name = Views;
			sourceTree = "<group>";
		};
		079B95EF1F216BF500A5FFE1 /* Core */ = {
			isa = PBXGroup;
			children = (
				070133971F239F0900C0DBEE /* SFGame.h */,
				070133981F239F0900C0DBEE /* SFGame.m */,
				0701339A1F23A00100C0DBEE /* SFGameRound.h */,
				0701339B1F23A00100C0DBEE /* SFGameRound.m */,
			);
			name = Core;
			sourceTree = "<group>";
		};
		079B95F01F216BFD00A5FFE1 /* Other */ = {
			isa = PBXGroup;
			children = (
				07783BD01F22C49C00E2D26B /* ScoreFive-Prefix.pch */,
				0793EF4F1F1FA42B00FF2D08 /* main.m */,
				073F8AA61F2016FB0086C7DF /* sf_log.h */,
				073F8AA51F2016FB0086C7DF /* sf_log.c */,
				073F8AA81F2018DA0086C7DF /* SFFormatters.h */,
				073F8AA91F2018DA0086C7DF /* SFFormatters.m */,
				0793EF511F1FA42B00FF2D08 /* SFAppDelegate.h */,
				0793EF521F1FA42B00FF2D08 /* SFAppDelegate.m */,
				07783BD41F22CB3700E2D26B /* SFAppSettings.h */,
				07783BD51F22CB3700E2D26B /* SFAppSettings.m */,
				0701339D1F25310400C0DBEE /* SFGameStorage.h */,
				0701339E1F25310400C0DBEE /* SFGameStorage.m */,
			);
			name = Other;
			sourceTree = "<group>";
		};
		079B95F11F216C3400A5FFE1 /* UI */ = {
			isa = PBXGroup;
			children = (
				07783BB81F228BD400E2D26B /* Fonts */,
				079B95F31F216C4400A5FFE1 /* xcassets */,
				079B95F21F216C3A00A5FFE1 /* Storyboards */,
			);
			name = UI;
			sourceTree = "<group>";
		};
		079B95F21F216C3A00A5FFE1 /* Storyboards */ = {
			isa = PBXGroup;
			children = (
				0793EF571F1FA42B00FF2D08 /* Main.storyboard */,
				0793EF5F1F1FA42B00FF2D08 /* LaunchScreen.storyboard */,
				070133A61F25799800C0DBEE /* NewGame.storyboard */,
				070133C01F27DA4000C0DBEE /* AddRound.storyboard */,
				07411EF31F2BA9DA0020FA7A /* Settings.storyboard */,
			);
			name = Storyboards;
			sourceTree = "<group>";
		};
		079B95F31F216C4400A5FFE1 /* xcassets */ = {
			isa = PBXGroup;
			children = (
				0793EF5D1F1FA42B00FF2D08 /* Assets.xcassets */,
			);
			name = xcassets;
			sourceTree = "<group>";
		};
		079B95F41F216C5A00A5FFE1 /* Data Models */ = {
			isa = PBXGroup;
			children = (
				0793EF5A1F1FA42B00FF2D08 /* ScoreFive.xcdatamodeld */,
			);
			name = "Data Models";
			sourceTree = "<group>";
		};
		079B95F51F216CBC00A5FFE1 /* Src */ = {
			isa = PBXGroup;
			children = (
				0793EF6B1F1FA42B00FF2D08 /* ScoreFiveTests.m */,
			);
			name = Src;
			sourceTree = "<group>";
		};
		079B95F61F216CC000A5FFE1 /* Supporting Files */ = {
			isa = PBXGroup;
			children = (
				0793EF6D1F1FA42B00FF2D08 /* Info.plist */,
			);
			name = "Supporting Files";
			sourceTree = "<group>";
		};
		079B95F71F216CC900A5FFE1 /* Supporting Files */ = {
			isa = PBXGroup;
			children = (
				0793EF781F1FA42B00FF2D08 /* Info.plist */,
			);
			name = "Supporting Files";
			sourceTree = "<group>";
		};
		079B95F81F216CD000A5FFE1 /* Src */ = {
			isa = PBXGroup;
			children = (
				0793EF761F1FA42B00FF2D08 /* ScoreFiveUITests.m */,
			);
			name = Src;
			sourceTree = "<group>";
		};
		079B95FA1F218C3C00A5FFE1 /* Frameworks */ = {
			isa = PBXGroup;
			children = (
				07783BBF1F229BD300E2D26B /* QuartzCore.framework */,
				079B95FD1F218C4000A5FFE1 /* UIKit.framework */,
				079B95FB1F218C3C00A5FFE1 /* Foundation.framework */,
			);
			name = Frameworks;
			sourceTree = "<group>";
		};
/* End PBXGroup section */

/* Begin PBXNativeTarget section */
		0793EF4A1F1FA42B00FF2D08 /* ScoreFive */ = {
			isa = PBXNativeTarget;
			buildConfigurationList = 0793EF7B1F1FA42B00FF2D08 /* Build configuration list for PBXNativeTarget "ScoreFive" */;
			buildPhases = (
				0793EF471F1FA42B00FF2D08 /* Sources */,
				0793EF481F1FA42B00FF2D08 /* Frameworks */,
				0793EF491F1FA42B00FF2D08 /* Resources */,
			);
			buildRules = (
			);
			dependencies = (
			);
			name = ScoreFive;
			productName = ScoreFive;
			productReference = 0793EF4B1F1FA42B00FF2D08 /* ScoreFive.app */;
			productType = "com.apple.product-type.application";
		};
		0793EF661F1FA42B00FF2D08 /* ScoreFiveTests */ = {
			isa = PBXNativeTarget;
			buildConfigurationList = 0793EF7E1F1FA42B00FF2D08 /* Build configuration list for PBXNativeTarget "ScoreFiveTests" */;
			buildPhases = (
				0793EF631F1FA42B00FF2D08 /* Sources */,
				0793EF641F1FA42B00FF2D08 /* Frameworks */,
				0793EF651F1FA42B00FF2D08 /* Resources */,
			);
			buildRules = (
			);
			dependencies = (
				0793EF691F1FA42B00FF2D08 /* PBXTargetDependency */,
			);
			name = ScoreFiveTests;
			productName = ScoreFiveTests;
			productReference = 0793EF671F1FA42B00FF2D08 /* ScoreFiveTests.xctest */;
			productType = "com.apple.product-type.bundle.unit-test";
		};
		0793EF711F1FA42B00FF2D08 /* ScoreFiveUITests */ = {
			isa = PBXNativeTarget;
			buildConfigurationList = 0793EF811F1FA42B00FF2D08 /* Build configuration list for PBXNativeTarget "ScoreFiveUITests" */;
			buildPhases = (
				0793EF6E1F1FA42B00FF2D08 /* Sources */,
				0793EF6F1F1FA42B00FF2D08 /* Frameworks */,
				0793EF701F1FA42B00FF2D08 /* Resources */,
			);
			buildRules = (
			);
			dependencies = (
				0793EF741F1FA42B00FF2D08 /* PBXTargetDependency */,
			);
			name = ScoreFiveUITests;
			productName = ScoreFiveUITests;
			productReference = 0793EF721F1FA42B00FF2D08 /* ScoreFiveUITests.xctest */;
			productType = "com.apple.product-type.bundle.ui-testing";
		};
/* End PBXNativeTarget section */

/* Begin PBXProject section */
		0793EF431F1FA42B00FF2D08 /* Project object */ = {
			isa = PBXProject;
			attributes = {
				LastUpgradeCheck = 0830;
				ORGANIZATIONNAME = "Varun Santhanam";
				TargetAttributes = {
					0793EF4A1F1FA42B00FF2D08 = {
						CreatedOnToolsVersion = 8.3.3;
						DevelopmentTeam = Y88YPD4RJA;
						ProvisioningStyle = Automatic;
					};
					0793EF661F1FA42B00FF2D08 = {
						CreatedOnToolsVersion = 8.3.3;
						DevelopmentTeam = Y88YPD4RJA;
						ProvisioningStyle = Automatic;
						TestTargetID = 0793EF4A1F1FA42B00FF2D08;
					};
					0793EF711F1FA42B00FF2D08 = {
						CreatedOnToolsVersion = 8.3.3;
						DevelopmentTeam = Y88YPD4RJA;
						ProvisioningStyle = Automatic;
						TestTargetID = 0793EF4A1F1FA42B00FF2D08;
					};
				};
			};
			buildConfigurationList = 0793EF461F1FA42B00FF2D08 /* Build configuration list for PBXProject "ScoreFive" */;
			compatibilityVersion = "Xcode 3.2";
			developmentRegion = English;
			hasScannedForEncodings = 0;
			knownRegions = (
				en,
				Base,
			);
			mainGroup = 0793EF421F1FA42B00FF2D08;
			productRefGroup = 0793EF4C1F1FA42B00FF2D08 /* Products */;
			projectDirPath = "";
			projectRoot = "";
			targets = (
				0793EF4A1F1FA42B00FF2D08 /* ScoreFive */,
				0793EF661F1FA42B00FF2D08 /* ScoreFiveTests */,
				0793EF711F1FA42B00FF2D08 /* ScoreFiveUITests */,
			);
		};
/* End PBXProject section */

/* Begin PBXResourcesBuildPhase section */
		0793EF491F1FA42B00FF2D08 /* Resources */ = {
			isa = PBXResourcesBuildPhase;
			buildActionMask = 2147483647;
			files = (
				0793EF611F1FA42B00FF2D08 /* LaunchScreen.storyboard in Resources */,
				070133C61F293B4C00C0DBEE /* PermanentMarker.ttf in Resources */,
				070133A71F25799800C0DBEE /* NewGame.storyboard in Resources */,
				070133C11F27DA4000C0DBEE /* AddRound.storyboard in Resources */,
				0793EF5E1F1FA42B00FF2D08 /* Assets.xcassets in Resources */,
				0793EF591F1FA42B00FF2D08 /* Main.storyboard in Resources */,
				07411EF41F2BA9DA0020FA7A /* Settings.storyboard in Resources */,
			);
			runOnlyForDeploymentPostprocessing = 0;
		};
		0793EF651F1FA42B00FF2D08 /* Resources */ = {
			isa = PBXResourcesBuildPhase;
			buildActionMask = 2147483647;
			files = (
			);
			runOnlyForDeploymentPostprocessing = 0;
		};
		0793EF701F1FA42B00FF2D08 /* Resources */ = {
			isa = PBXResourcesBuildPhase;
			buildActionMask = 2147483647;
			files = (
			);
			runOnlyForDeploymentPostprocessing = 0;
		};
/* End PBXResourcesBuildPhase section */

/* Begin PBXSourcesBuildPhase section */
		0793EF471F1FA42B00FF2D08 /* Sources */ = {
			isa = PBXSourcesBuildPhase;
			buildActionMask = 2147483647;
			files = (
				070133A51F25798500C0DBEE /* SFNewGameViewController.m in Sources */,
				070133C41F27DAF900C0DBEE /* SFNewRoundViewController.m in Sources */,
				0701339C1F23A00100C0DBEE /* SFGameRound.m in Sources */,
				072B95E91F21387500E4D1FB /* UINavigationController+ScoreFive.m in Sources */,
				07783BBB1F22920400E2D26B /* UIView+ScoreFive.m in Sources */,
				070133A21F254EED00C0DBEE /* SFGameListViewController.m in Sources */,
				070133B01F25D01400C0DBEE /* SFGame+ScoreFive.m in Sources */,
				0793EF5C1F1FA42B00FF2D08 /* ScoreFive.xcdatamodeld in Sources */,
				072B95EC1F213AE000E4D1FB /* UINavigationBar+ScoreFive.m in Sources */,
				0793EF531F1FA42B00FF2D08 /* SFAppDelegate.m in Sources */,
				070133AD1F25987000C0DBEE /* SFButtonTableViewCell.m in Sources */,
				070B2B8D1F2A651000592458 /* SFIndexedButtonTableViewCell.m in Sources */,
				079B95EA1F214B3E00A5FFE1 /* UIResponder+ScoreFive.m in Sources */,
				07783BBE1F22938400E2D26B /* UILabel+ScoreFive.m in Sources */,
				073F8AA71F2016FB0086C7DF /* sf_log.c in Sources */,
				070133AA1F257D1A00C0DBEE /* SFTextFieldTableViewCell.m in Sources */,
				070133B61F2651E600C0DBEE /* SFColumnLabelView.m in Sources */,
				070133BC1F26897700C0DBEE /* SFIndexedColumnLabelView.m in Sources */,
				0759E8501F2942E300AF8B0F /* UIColor+SFScoreFiveColors.m in Sources */,
				0793EF501F1FA42B00FF2D08 /* main.m in Sources */,
				070133BF1F26934B00C0DBEE /* SFIndexedColumnLabelTableViewCell.m in Sources */,
				070133B91F267BA400C0DBEE /* SFScoreCardViewController.m in Sources */,
				0701339F1F25310400C0DBEE /* SFGameStorage.m in Sources */,
				073F8AAA1F2018DA0086C7DF /* SFFormatters.m in Sources */,
				070133991F239F0900C0DBEE /* SFGame.m in Sources */,
				07783BD61F22CB3700E2D26B /* SFAppSettings.m in Sources */,
				070133B31F25D2CD00C0DBEE /* SFAllGamesListViewController.m in Sources */,
			);
			runOnlyForDeploymentPostprocessing = 0;
		};
		0793EF631F1FA42B00FF2D08 /* Sources */ = {
			isa = PBXSourcesBuildPhase;
			buildActionMask = 2147483647;
			files = (
				0793EF6C1F1FA42B00FF2D08 /* ScoreFiveTests.m in Sources */,
			);
			runOnlyForDeploymentPostprocessing = 0;
		};
		0793EF6E1F1FA42B00FF2D08 /* Sources */ = {
			isa = PBXSourcesBuildPhase;
			buildActionMask = 2147483647;
			files = (
				0793EF771F1FA42B00FF2D08 /* ScoreFiveUITests.m in Sources */,
			);
			runOnlyForDeploymentPostprocessing = 0;
		};
/* End PBXSourcesBuildPhase section */

/* Begin PBXTargetDependency section */
		0793EF691F1FA42B00FF2D08 /* PBXTargetDependency */ = {
			isa = PBXTargetDependency;
			target = 0793EF4A1F1FA42B00FF2D08 /* ScoreFive */;
			targetProxy = 0793EF681F1FA42B00FF2D08 /* PBXContainerItemProxy */;
		};
		0793EF741F1FA42B00FF2D08 /* PBXTargetDependency */ = {
			isa = PBXTargetDependency;
			target = 0793EF4A1F1FA42B00FF2D08 /* ScoreFive */;
			targetProxy = 0793EF731F1FA42B00FF2D08 /* PBXContainerItemProxy */;
		};
/* End PBXTargetDependency section */

/* Begin PBXVariantGroup section */
		0793EF571F1FA42B00FF2D08 /* Main.storyboard */ = {
			isa = PBXVariantGroup;
			children = (
				0793EF581F1FA42B00FF2D08 /* Base */,
			);
			name = Main.storyboard;
			sourceTree = "<group>";
		};
		0793EF5F1F1FA42B00FF2D08 /* LaunchScreen.storyboard */ = {
			isa = PBXVariantGroup;
			children = (
				0793EF601F1FA42B00FF2D08 /* Base */,
			);
			name = LaunchScreen.storyboard;
			sourceTree = "<group>";
		};
/* End PBXVariantGroup section */

/* Begin XCBuildConfiguration section */
		0793EF791F1FA42B00FF2D08 /* Debug */ = {
			isa = XCBuildConfiguration;
			buildSettings = {
				ALWAYS_SEARCH_USER_PATHS = NO;
				CLANG_ANALYZER_NONNULL = YES;
				CLANG_ANALYZER_NUMBER_OBJECT_CONVERSION = YES_AGGRESSIVE;
				CLANG_CXX_LANGUAGE_STANDARD = "gnu++0x";
				CLANG_CXX_LIBRARY = "libc++";
				CLANG_ENABLE_MODULES = YES;
				CLANG_ENABLE_OBJC_ARC = YES;
				CLANG_WARN_BOOL_CONVERSION = YES;
				CLANG_WARN_CONSTANT_CONVERSION = YES;
				CLANG_WARN_DIRECT_OBJC_ISA_USAGE = YES_ERROR;
				CLANG_WARN_DOCUMENTATION_COMMENTS = YES;
				CLANG_WARN_EMPTY_BODY = YES;
				CLANG_WARN_ENUM_CONVERSION = YES;
				CLANG_WARN_INFINITE_RECURSION = YES;
				CLANG_WARN_INT_CONVERSION = YES;
				CLANG_WARN_OBJC_ROOT_CLASS = YES_ERROR;
				CLANG_WARN_SUSPICIOUS_MOVE = YES;
				CLANG_WARN_UNREACHABLE_CODE = YES;
				CLANG_WARN__DUPLICATE_METHOD_MATCH = YES;
				"CODE_SIGN_IDENTITY[sdk=iphoneos*]" = "iPhone Developer";
				COPY_PHASE_STRIP = NO;
				DEBUG_INFORMATION_FORMAT = dwarf;
				ENABLE_STRICT_OBJC_MSGSEND = YES;
				ENABLE_TESTABILITY = YES;
				GCC_C_LANGUAGE_STANDARD = gnu99;
				GCC_DYNAMIC_NO_PIC = NO;
				GCC_NO_COMMON_BLOCKS = YES;
				GCC_OPTIMIZATION_LEVEL = 0;
				GCC_PREPROCESSOR_DEFINITIONS = (
					"DEBUG=1",
					"$(inherited)",
				);
				GCC_WARN_64_TO_32_BIT_CONVERSION = YES;
				GCC_WARN_ABOUT_RETURN_TYPE = YES_ERROR;
				GCC_WARN_UNDECLARED_SELECTOR = YES;
				GCC_WARN_UNINITIALIZED_AUTOS = YES_AGGRESSIVE;
				GCC_WARN_UNUSED_FUNCTION = YES;
				GCC_WARN_UNUSED_VARIABLE = YES;
				IPHONEOS_DEPLOYMENT_TARGET = 10.3;
				MTL_ENABLE_DEBUG_INFO = YES;
				ONLY_ACTIVE_ARCH = YES;
				SDKROOT = iphoneos;
			};
			name = Debug;
		};
		0793EF7A1F1FA42B00FF2D08 /* Release */ = {
			isa = XCBuildConfiguration;
			buildSettings = {
				ALWAYS_SEARCH_USER_PATHS = NO;
				CLANG_ANALYZER_NONNULL = YES;
				CLANG_ANALYZER_NUMBER_OBJECT_CONVERSION = YES_AGGRESSIVE;
				CLANG_CXX_LANGUAGE_STANDARD = "gnu++0x";
				CLANG_CXX_LIBRARY = "libc++";
				CLANG_ENABLE_MODULES = YES;
				CLANG_ENABLE_OBJC_ARC = YES;
				CLANG_WARN_BOOL_CONVERSION = YES;
				CLANG_WARN_CONSTANT_CONVERSION = YES;
				CLANG_WARN_DIRECT_OBJC_ISA_USAGE = YES_ERROR;
				CLANG_WARN_DOCUMENTATION_COMMENTS = YES;
				CLANG_WARN_EMPTY_BODY = YES;
				CLANG_WARN_ENUM_CONVERSION = YES;
				CLANG_WARN_INFINITE_RECURSION = YES;
				CLANG_WARN_INT_CONVERSION = YES;
				CLANG_WARN_OBJC_ROOT_CLASS = YES_ERROR;
				CLANG_WARN_SUSPICIOUS_MOVE = YES;
				CLANG_WARN_UNREACHABLE_CODE = YES;
				CLANG_WARN__DUPLICATE_METHOD_MATCH = YES;
				"CODE_SIGN_IDENTITY[sdk=iphoneos*]" = "iPhone Developer";
				COPY_PHASE_STRIP = NO;
				DEBUG_INFORMATION_FORMAT = "dwarf-with-dsym";
				ENABLE_NS_ASSERTIONS = NO;
				ENABLE_STRICT_OBJC_MSGSEND = YES;
				GCC_C_LANGUAGE_STANDARD = gnu99;
				GCC_NO_COMMON_BLOCKS = YES;
				GCC_WARN_64_TO_32_BIT_CONVERSION = YES;
				GCC_WARN_ABOUT_RETURN_TYPE = YES_ERROR;
				GCC_WARN_UNDECLARED_SELECTOR = YES;
				GCC_WARN_UNINITIALIZED_AUTOS = YES_AGGRESSIVE;
				GCC_WARN_UNUSED_FUNCTION = YES;
				GCC_WARN_UNUSED_VARIABLE = YES;
				IPHONEOS_DEPLOYMENT_TARGET = 10.3;
				MTL_ENABLE_DEBUG_INFO = NO;
				SDKROOT = iphoneos;
				VALIDATE_PRODUCT = YES;
			};
			name = Release;
		};
		0793EF7C1F1FA42B00FF2D08 /* Debug */ = {
			isa = XCBuildConfiguration;
			buildSettings = {
				ASSETCATALOG_COMPILER_APPICON_NAME = AppIcon;
				DEVELOPMENT_TEAM = Y88YPD4RJA;
				FRAMEWORK_SEARCH_PATHS = "$(inherited)";
				GCC_PREFIX_HEADER = "$(SRCROOT)/$(PROJECT_NAME)/$(PROJECT_NAME)-Prefix.pch";
				INFOPLIST_FILE = ScoreFive/Info.plist;
				IPHONEOS_DEPLOYMENT_TARGET = 10.3;
				LD_RUNPATH_SEARCH_PATHS = "$(inherited) @executable_path/Frameworks";
				PRODUCT_BUNDLE_IDENTIFIER = com.varunsanthanam.ScoreFive;
				PRODUCT_NAME = "$(TARGET_NAME)";
			};
			name = Debug;
		};
		0793EF7D1F1FA42B00FF2D08 /* Release */ = {
			isa = XCBuildConfiguration;
			buildSettings = {
				ASSETCATALOG_COMPILER_APPICON_NAME = AppIcon;
				DEVELOPMENT_TEAM = Y88YPD4RJA;
				FRAMEWORK_SEARCH_PATHS = "$(inherited)";
				GCC_PREFIX_HEADER = "$(SRCROOT)/$(PROJECT_NAME)/$(PROJECT_NAME)-Prefix.pch";
				INFOPLIST_FILE = ScoreFive/Info.plist;
				IPHONEOS_DEPLOYMENT_TARGET = 10.3;
				LD_RUNPATH_SEARCH_PATHS = "$(inherited) @executable_path/Frameworks";
				PRODUCT_BUNDLE_IDENTIFIER = com.varunsanthanam.ScoreFive;
				PRODUCT_NAME = "$(TARGET_NAME)";
			};
			name = Release;
		};
		0793EF7F1F1FA42B00FF2D08 /* Debug */ = {
			isa = XCBuildConfiguration;
			buildSettings = {
				BUNDLE_LOADER = "$(TEST_HOST)";
				DEVELOPMENT_TEAM = Y88YPD4RJA;
				INFOPLIST_FILE = ScoreFiveTests/Info.plist;
				LD_RUNPATH_SEARCH_PATHS = "$(inherited) @executable_path/Frameworks @loader_path/Frameworks";
				PRODUCT_BUNDLE_IDENTIFIER = com.varunsanthanam.ScoreFiveTests;
				PRODUCT_NAME = "$(TARGET_NAME)";
				TEST_HOST = "$(BUILT_PRODUCTS_DIR)/ScoreFive.app/ScoreFive";
			};
			name = Debug;
		};
		0793EF801F1FA42B00FF2D08 /* Release */ = {
			isa = XCBuildConfiguration;
			buildSettings = {
				BUNDLE_LOADER = "$(TEST_HOST)";
				DEVELOPMENT_TEAM = Y88YPD4RJA;
				INFOPLIST_FILE = ScoreFiveTests/Info.plist;
				LD_RUNPATH_SEARCH_PATHS = "$(inherited) @executable_path/Frameworks @loader_path/Frameworks";
				PRODUCT_BUNDLE_IDENTIFIER = com.varunsanthanam.ScoreFiveTests;
				PRODUCT_NAME = "$(TARGET_NAME)";
				TEST_HOST = "$(BUILT_PRODUCTS_DIR)/ScoreFive.app/ScoreFive";
			};
			name = Release;
		};
		0793EF821F1FA42B00FF2D08 /* Debug */ = {
			isa = XCBuildConfiguration;
			buildSettings = {
				DEVELOPMENT_TEAM = Y88YPD4RJA;
				INFOPLIST_FILE = ScoreFiveUITests/Info.plist;
				LD_RUNPATH_SEARCH_PATHS = "$(inherited) @executable_path/Frameworks @loader_path/Frameworks";
				PRODUCT_BUNDLE_IDENTIFIER = com.varunsanthanam.ScoreFiveUITests;
				PRODUCT_NAME = "$(TARGET_NAME)";
				TEST_TARGET_NAME = ScoreFive;
			};
			name = Debug;
		};
		0793EF831F1FA42B00FF2D08 /* Release */ = {
			isa = XCBuildConfiguration;
			buildSettings = {
				DEVELOPMENT_TEAM = Y88YPD4RJA;
				INFOPLIST_FILE = ScoreFiveUITests/Info.plist;
				LD_RUNPATH_SEARCH_PATHS = "$(inherited) @executable_path/Frameworks @loader_path/Frameworks";
				PRODUCT_BUNDLE_IDENTIFIER = com.varunsanthanam.ScoreFiveUITests;
				PRODUCT_NAME = "$(TARGET_NAME)";
				TEST_TARGET_NAME = ScoreFive;
			};
			name = Release;
		};
/* End XCBuildConfiguration section */

/* Begin XCConfigurationList section */
		0793EF461F1FA42B00FF2D08 /* Build configuration list for PBXProject "ScoreFive" */ = {
			isa = XCConfigurationList;
			buildConfigurations = (
				0793EF791F1FA42B00FF2D08 /* Debug */,
				0793EF7A1F1FA42B00FF2D08 /* Release */,
			);
			defaultConfigurationIsVisible = 0;
			defaultConfigurationName = Release;
		};
		0793EF7B1F1FA42B00FF2D08 /* Build configuration list for PBXNativeTarget "ScoreFive" */ = {
			isa = XCConfigurationList;
			buildConfigurations = (
				0793EF7C1F1FA42B00FF2D08 /* Debug */,
				0793EF7D1F1FA42B00FF2D08 /* Release */,
			);
			defaultConfigurationIsVisible = 0;
			defaultConfigurationName = Release;
		};
		0793EF7E1F1FA42B00FF2D08 /* Build configuration list for PBXNativeTarget "ScoreFiveTests" */ = {
			isa = XCConfigurationList;
			buildConfigurations = (
				0793EF7F1F1FA42B00FF2D08 /* Debug */,
				0793EF801F1FA42B00FF2D08 /* Release */,
			);
			defaultConfigurationIsVisible = 0;
			defaultConfigurationName = Release;
		};
		0793EF811F1FA42B00FF2D08 /* Build configuration list for PBXNativeTarget "ScoreFiveUITests" */ = {
			isa = XCConfigurationList;
			buildConfigurations = (
				0793EF821F1FA42B00FF2D08 /* Debug */,
				0793EF831F1FA42B00FF2D08 /* Release */,
			);
			defaultConfigurationIsVisible = 0;
			defaultConfigurationName = Release;
		};
/* End XCConfigurationList section */

/* Begin XCVersionGroup section */
		0793EF5A1F1FA42B00FF2D08 /* ScoreFive.xcdatamodeld */ = {
			isa = XCVersionGroup;
			children = (
				0793EF5B1F1FA42B00FF2D08 /* ScoreFive.xcdatamodel */,
			);
			currentVersion = 0793EF5B1F1FA42B00FF2D08 /* ScoreFive.xcdatamodel */;
			path = ScoreFive.xcdatamodeld;
			sourceTree = "<group>";
			versionGroupType = wrapper.xcdatamodel;
		};
/* End XCVersionGroup section */
	};
	rootObject = 0793EF431F1FA42B00FF2D08 /* Project object */;
}
